
Microsoft Visual Studio Solution File, Format Version 12.00
# Visual Studio Version 17
VisualStudioVersion = 17.0.31903.59
MinimumVisualStudioVersion = 10.0.40219.1
Project("{2150E333-8FDC-42A3-9474-1A3956D46DE8}") = "Src", "Src", "{4F077AD6-DB9F-4E2C-B775-2837B6FC602A}"
EndProject
Project("{FAE04EC0-301F-11D3-BF4B-00C04F79EFBC}") = "API", "Src\API\API.csproj", "{5D888D14-86EC-4D31-B026-0EEEC39523D9}"
EndProject
Project("{2150E333-8FDC-42A3-9474-1A3956D46DE8}") = "Core", "Core", "{812B2027-FB22-4BF3-B1CA-FFB68662FF53}"
EndProject
Project("{FAE04EC0-301F-11D3-BF4B-00C04F79EFBC}") = "Domain", "Src\Core\Domain\Domain.csproj", "{BFB69714-1F15-4AFC-B0CF-4FE514154CCF}"
EndProject
Project("{FAE04EC0-301F-11D3-BF4B-00C04F79EFBC}") = "Application", "Src\Core\Application\Application.csproj", "{C8CE003D-6958-44E0-874B-886B0347237B}"
EndProject
Project("{2150E333-8FDC-42A3-9474-1A3956D46DE8}") = "Infrastructure", "Infrastructure", "{1096E1B4-F7B1-4EDD-BEC5-19F82D4D3531}"
EndProject
Project("{FAE04EC0-301F-11D3-BF4B-00C04F79EFBC}") = "Infrastructure", "Src\Infrastructure\Infrastructure\Infrastructure.csproj", "{5E4E5C3D-2144-4DA5-9C09-4B2160DFB764}"
EndProject
Project("{FAE04EC0-301F-11D3-BF4B-00C04F79EFBC}") = "Persistence", "Src\Infrastructure\Persistence\Persistence.csproj", "{E0D2F19C-E638-4A9C-9452-35BA6954081C}"
EndProject
Project("{FAE04EC0-301F-11D3-BF4B-00C04F79EFBC}") = "Identity", "Src\Identity\Identity.csproj", "{F4213F9E-7EFB-4438-AE1B-88EDF6E16BBD}"
EndProject
Global
	GlobalSection(SolutionConfigurationPlatforms) = preSolution
		Debug|Any CPU = Debug|Any CPU
		Release|Any CPU = Release|Any CPU
	EndGlobalSection
	GlobalSection(SolutionProperties) = preSolution
		HideSolutionNode = FALSE
	EndGlobalSection
	GlobalSection(ProjectConfigurationPlatforms) = postSolution
		{5D888D14-86EC-4D31-B026-0EEEC39523D9}.Debug|Any CPU.ActiveCfg = Debug|Any CPU
		{5D888D14-86EC-4D31-B026-0EEEC39523D9}.Debug|Any CPU.Build.0 = Debug|Any CPU
		{5D888D14-86EC-4D31-B026-0EEEC39523D9}.Release|Any CPU.ActiveCfg = Release|Any CPU
		{5D888D14-86EC-4D31-B026-0EEEC39523D9}.Release|Any CPU.Build.0 = Release|Any CPU
		{BFB69714-1F15-4AFC-B0CF-4FE514154CCF}.Debug|Any CPU.ActiveCfg = Debug|Any CPU
		{BFB69714-1F15-4AFC-B0CF-4FE514154CCF}.Debug|Any CPU.Build.0 = Debug|Any CPU
		{BFB69714-1F15-4AFC-B0CF-4FE514154CCF}.Release|Any CPU.ActiveCfg = Release|Any CPU
		{BFB69714-1F15-4AFC-B0CF-4FE514154CCF}.Release|Any CPU.Build.0 = Release|Any CPU
		{C8CE003D-6958-44E0-874B-886B0347237B}.Debug|Any CPU.ActiveCfg = Debug|Any CPU
		{C8CE003D-6958-44E0-874B-886B0347237B}.Debug|Any CPU.Build.0 = Debug|Any CPU
		{C8CE003D-6958-44E0-874B-886B0347237B}.Release|Any CPU.ActiveCfg = Release|Any CPU
		{C8CE003D-6958-44E0-874B-886B0347237B}.Release|Any CPU.Build.0 = Release|Any CPU
		{5E4E5C3D-2144-4DA5-9C09-4B2160DFB764}.Debug|Any CPU.ActiveCfg = Debug|Any CPU
		{5E4E5C3D-2144-4DA5-9C09-4B2160DFB764}.Debug|Any CPU.Build.0 = Debug|Any CPU
		{5E4E5C3D-2144-4DA5-9C09-4B2160DFB764}.Release|Any CPU.ActiveCfg = Release|Any CPU
		{5E4E5C3D-2144-4DA5-9C09-4B2160DFB764}.Release|Any CPU.Build.0 = Release|Any CPU
		{E0D2F19C-E638-4A9C-9452-35BA6954081C}.Debug|Any CPU.ActiveCfg = Debug|Any CPU
		{E0D2F19C-E638-4A9C-9452-35BA6954081C}.Debug|Any CPU.Build.0 = Debug|Any CPU
		{E0D2F19C-E638-4A9C-9452-35BA6954081C}.Release|Any CPU.ActiveCfg = Release|Any CPU
		{E0D2F19C-E638-4A9C-9452-35BA6954081C}.Release|Any CPU.Build.0 = Release|Any CPU
		{F4213F9E-7EFB-4438-AE1B-88EDF6E16BBD}.Debug|Any CPU.ActiveCfg = Debug|Any CPU
		{F4213F9E-7EFB-4438-AE1B-88EDF6E16BBD}.Debug|Any CPU.Build.0 = Debug|Any CPU
		{F4213F9E-7EFB-4438-AE1B-88EDF6E16BBD}.Release|Any CPU.ActiveCfg = Release|Any CPU
		{F4213F9E-7EFB-4438-AE1B-88EDF6E16BBD}.Release|Any CPU.Build.0 = Release|Any CPU
	EndGlobalSection
	GlobalSection(NestedProjects) = preSolution
		{5D888D14-86EC-4D31-B026-0EEEC39523D9} = {4F077AD6-DB9F-4E2C-B775-2837B6FC602A}
		{812B2027-FB22-4BF3-B1CA-FFB68662FF53} = {4F077AD6-DB9F-4E2C-B775-2837B6FC602A}
		{BFB69714-1F15-4AFC-B0CF-4FE514154CCF} = {812B2027-FB22-4BF3-B1CA-FFB68662FF53}
		{C8CE003D-6958-44E0-874B-886B0347237B} = {812B2027-FB22-4BF3-B1CA-FFB68662FF53}
		{1096E1B4-F7B1-4EDD-BEC5-19F82D4D3531} = {4F077AD6-DB9F-4E2C-B775-2837B6FC602A}
		{5E4E5C3D-2144-4DA5-9C09-4B2160DFB764} = {1096E1B4-F7B1-4EDD-BEC5-19F82D4D3531}
		{E0D2F19C-E638-4A9C-9452-35BA6954081C} = {1096E1B4-F7B1-4EDD-BEC5-19F82D4D3531}
		{F4213F9E-7EFB-4438-AE1B-88EDF6E16BBD} = {4F077AD6-DB9F-4E2C-B775-2837B6FC602A}
	EndGlobalSection
EndGlobal
